
Microsoft Visual Studio Solution File, Format Version 12.00
# Visual Studio 15
VisualStudioVersion = 15.0.26124.0
MinimumVisualStudioVersion = 15.0.26124.0
Project("{FAE04EC0-301F-11D3-BF4B-00C04F79EFBC}") = "R5T.AWS.EC2.Construction", "R5T.AWS.EC2.Construction\R5T.AWS.EC2.Construction.csproj", "{A4305AAF-3E4E-42F3-ADE1-D7FAE8B9257E}"
EndProject
Project("{FAE04EC0-301F-11D3-BF4B-00C04F79EFBC}") = "R5T.AWS.EC2", "R5T.AWS.EC2\R5T.AWS.EC2.csproj", "{2BF2EA4F-5CA4-4081-83F8-B6AE412BF5C3}"
EndProject
Project("{FAE04EC0-301F-11D3-BF4B-00C04F79EFBC}") = "R5T.AWS.EC2.Testing", "R5T.AWS.EC2.Testing\R5T.AWS.EC2.Testing.csproj", "{31454032-1587-4D1C-B9FE-C65FF03B0D90}"
EndProject
Project("{9A19103F-16F7-4668-BE54-9A1E7A4F7556}") = "R5T.AWS.EC2.Configuration", "..\..\R5T.AWS.EC2.Configuration\source\R5T.AWS.EC2.Configuration\R5T.AWS.EC2.Configuration.csproj", "{0A540A61-DA67-417A-898D-9032CCDF6EC0}"
EndProject
Project("{2150E333-8FDC-42A3-9474-1A3956D46DE8}") = "_Dependencies", "_Dependencies", "{0385B2DB-0FE0-483B-B879-E191E8825CCC}"
EndProject
Project("{9A19103F-16F7-4668-BE54-9A1E7A4F7556}") = "R5T.Rivet.Configuration", "..\..\R5T.Rivet.Configuration\source\R5T.Rivet.Configuration\R5T.Rivet.Configuration.csproj", "{63FFDD47-A9C8-4594-853F-FA70DDD8C3DD}"
EndProject
Project("{9A19103F-16F7-4668-BE54-9A1E7A4F7556}") = "R5T.NetStandard.IO.Paths.Base", "..\..\R5T.NetStandard.IO.Paths.Base\source\R5T.NetStandard.IO.Paths.Base\R5T.NetStandard.IO.Paths.Base.csproj", "{B61D8149-96EF-4EFD-91BD-3064A31CDBE4}"
EndProject
Project("{9A19103F-16F7-4668-BE54-9A1E7A4F7556}") = "R5T.Dropbox.Base", "..\..\R5T.Dropbox.Base\source\R5T.Dropbox.Base\R5T.Dropbox.Base.csproj", "{CE332A38-7937-4441-9EFD-650ED8F24224}"
EndProject
Project("{9A19103F-16F7-4668-BE54-9A1E7A4F7556}") = "R5T.NetStandard.IO.Paths.Types", "..\..\R5T.NetStandard.IO.Paths.Types\source\R5T.NetStandard.IO.Paths.Types\R5T.NetStandard.IO.Paths.Types.csproj", "{8A4E795C-91E9-4F58-9F8D-7E7CA8EBEA98}"
EndProject
Project("{9A19103F-16F7-4668-BE54-9A1E7A4F7556}") = "R5T.NetStandard.TypedString", "..\..\R5T.NetStandard.TypedString\source\R5T.NetStandard.TypedString\R5T.NetStandard.TypedString.csproj", "{F3874072-CE41-4154-91A1-6B1E7A0DF57E}"
EndProject
Project("{9A19103F-16F7-4668-BE54-9A1E7A4F7556}") = "R5T.NetStandard.Types", "..\..\R5T.NetStandard.Types\source\R5T.NetStandard.Types\R5T.NetStandard.Types.csproj", "{E9FB7BA1-7831-4913-98D4-8C6113D205A8}"
EndProject
Project("{9A19103F-16F7-4668-BE54-9A1E7A4F7556}") = "R5T.NetStandard.Organizational", "..\..\R5T.NetStandard.Organizational\source\R5T.NetStandard.Organizational\R5T.NetStandard.Organizational.csproj", "{7E85C356-008C-447D-BE1B-6D39F138785F}"
EndProject
Project("{9A19103F-16F7-4668-BE54-9A1E7A4F7556}") = "R5T.Rivet.Organizational", "..\..\R5T.Rivet.Organizational\source\R5T.Rivet.Organizational\R5T.Rivet.Organizational.csproj", "{FDEE93A2-5267-46B1-9CCC-AE50D818156E}"
EndProject
Project("{9A19103F-16F7-4668-BE54-9A1E7A4F7556}") = "R5T.Rivet.Dropbox", "..\..\R5T.Rivet.Dropbox\source\R5T.Rivet.Dropbox\R5T.Rivet.Dropbox.csproj", "{7BF8C7D9-5099-44AD-8794-86347A74FBE9}"
EndProject
Project("{9A19103F-16F7-4668-BE54-9A1E7A4F7556}") = "R5T.NetStandard.Configuration", "..\..\R5T.NetStandard.Configuration\source\R5T.NetStandard.Configuration\R5T.NetStandard.Configuration.csproj", "{6850D85A-E802-4084-8118-C22C45B87E52}"
EndProject
Project("{9A19103F-16F7-4668-BE54-9A1E7A4F7556}") = "R5T.NetStandard.SSH", "..\..\R5T.NetStandard.SSH\source\R5T.NetStandard.SSH\R5T.NetStandard.SSH.csproj", "{8169F8B8-1BDE-4FC4-A2D6-B6D979AC3CE3}"
EndProject
Global
	GlobalSection(SolutionConfigurationPlatforms) = preSolution
		Debug|Any CPU = Debug|Any CPU
		Debug|x64 = Debug|x64
		Debug|x86 = Debug|x86
		Release|Any CPU = Release|Any CPU
		Release|x64 = Release|x64
		Release|x86 = Release|x86
	EndGlobalSection
	GlobalSection(ProjectConfigurationPlatforms) = postSolution
		{A4305AAF-3E4E-42F3-ADE1-D7FAE8B9257E}.Debug|Any CPU.ActiveCfg = Debug|Any CPU
		{A4305AAF-3E4E-42F3-ADE1-D7FAE8B9257E}.Debug|Any CPU.Build.0 = Debug|Any CPU
		{A4305AAF-3E4E-42F3-ADE1-D7FAE8B9257E}.Debug|x64.ActiveCfg = Debug|Any CPU
		{A4305AAF-3E4E-42F3-ADE1-D7FAE8B9257E}.Debug|x64.Build.0 = Debug|Any CPU
		{A4305AAF-3E4E-42F3-ADE1-D7FAE8B9257E}.Debug|x86.ActiveCfg = Debug|Any CPU
		{A4305AAF-3E4E-42F3-ADE1-D7FAE8B9257E}.Debug|x86.Build.0 = Debug|Any CPU
		{A4305AAF-3E4E-42F3-ADE1-D7FAE8B9257E}.Release|Any CPU.ActiveCfg = Release|Any CPU
		{A4305AAF-3E4E-42F3-ADE1-D7FAE8B9257E}.Release|Any CPU.Build.0 = Release|Any CPU
		{A4305AAF-3E4E-42F3-ADE1-D7FAE8B9257E}.Release|x64.ActiveCfg = Release|Any CPU
		{A4305AAF-3E4E-42F3-ADE1-D7FAE8B9257E}.Release|x64.Build.0 = Release|Any CPU
		{A4305AAF-3E4E-42F3-ADE1-D7FAE8B9257E}.Release|x86.ActiveCfg = Release|Any CPU
		{A4305AAF-3E4E-42F3-ADE1-D7FAE8B9257E}.Release|x86.Build.0 = Release|Any CPU
		{2BF2EA4F-5CA4-4081-83F8-B6AE412BF5C3}.Debug|Any CPU.ActiveCfg = Debug|Any CPU
		{2BF2EA4F-5CA4-4081-83F8-B6AE412BF5C3}.Debug|Any CPU.Build.0 = Debug|Any CPU
		{2BF2EA4F-5CA4-4081-83F8-B6AE412BF5C3}.Debug|x64.ActiveCfg = Debug|Any CPU
		{2BF2EA4F-5CA4-4081-83F8-B6AE412BF5C3}.Debug|x64.Build.0 = Debug|Any CPU
		{2BF2EA4F-5CA4-4081-83F8-B6AE412BF5C3}.Debug|x86.ActiveCfg = Debug|Any CPU
		{2BF2EA4F-5CA4-4081-83F8-B6AE412BF5C3}.Debug|x86.Build.0 = Debug|Any CPU
		{2BF2EA4F-5CA4-4081-83F8-B6AE412BF5C3}.Release|Any CPU.ActiveCfg = Release|Any CPU
		{2BF2EA4F-5CA4-4081-83F8-B6AE412BF5C3}.Release|Any CPU.Build.0 = Release|Any CPU
		{2BF2EA4F-5CA4-4081-83F8-B6AE412BF5C3}.Release|x64.ActiveCfg = Release|Any CPU
		{2BF2EA4F-5CA4-4081-83F8-B6AE412BF5C3}.Release|x64.Build.0 = Release|Any CPU
		{2BF2EA4F-5CA4-4081-83F8-B6AE412BF5C3}.Release|x86.ActiveCfg = Release|Any CPU
		{2BF2EA4F-5CA4-4081-83F8-B6AE412BF5C3}.Release|x86.Build.0 = Release|Any CPU
		{31454032-1587-4D1C-B9FE-C65FF03B0D90}.Debug|Any CPU.ActiveCfg = Debug|Any CPU
		{31454032-1587-4D1C-B9FE-C65FF03B0D90}.Debug|Any CPU.Build.0 = Debug|Any CPU
		{31454032-1587-4D1C-B9FE-C65FF03B0D90}.Debug|x64.ActiveCfg = Debug|Any CPU
		{31454032-1587-4D1C-B9FE-C65FF03B0D90}.Debug|x64.Build.0 = Debug|Any CPU
		{31454032-1587-4D1C-B9FE-C65FF03B0D90}.Debug|x86.ActiveCfg = Debug|Any CPU
		{31454032-1587-4D1C-B9FE-C65FF03B0D90}.Debug|x86.Build.0 = Debug|Any CPU
		{31454032-1587-4D1C-B9FE-C65FF03B0D90}.Release|Any CPU.ActiveCfg = Release|Any CPU
		{31454032-1587-4D1C-B9FE-C65FF03B0D90}.Release|Any CPU.Build.0 = Release|Any CPU
		{31454032-1587-4D1C-B9FE-C65FF03B0D90}.Release|x64.ActiveCfg = Release|Any CPU
		{31454032-1587-4D1C-B9FE-C65FF03B0D90}.Release|x64.Build.0 = Release|Any CPU
		{31454032-1587-4D1C-B9FE-C65FF03B0D90}.Release|x86.ActiveCfg = Release|Any CPU
		{31454032-1587-4D1C-B9FE-C65FF03B0D90}.Release|x86.Build.0 = Release|Any CPU
		{0A540A61-DA67-417A-898D-9032CCDF6EC0}.Debug|Any CPU.ActiveCfg = Debug|Any CPU
		{0A540A61-DA67-417A-898D-9032CCDF6EC0}.Debug|Any CPU.Build.0 = Debug|Any CPU
		{0A540A61-DA67-417A-898D-9032CCDF6EC0}.Debug|x64.ActiveCfg = Debug|Any CPU
		{0A540A61-DA67-417A-898D-9032CCDF6EC0}.Debug|x64.Build.0 = Debug|Any CPU
		{0A540A61-DA67-417A-898D-9032CCDF6EC0}.Debug|x86.ActiveCfg = Debug|Any CPU
		{0A540A61-DA67-417A-898D-9032CCDF6EC0}.Debug|x86.Build.0 = Debug|Any CPU
		{0A540A61-DA67-417A-898D-9032CCDF6EC0}.Release|Any CPU.ActiveCfg = Release|Any CPU
		{0A540A61-DA67-417A-898D-9032CCDF6EC0}.Release|Any CPU.Build.0 = Release|Any CPU
		{0A540A61-DA67-417A-898D-9032CCDF6EC0}.Release|x64.ActiveCfg = Release|Any CPU
		{0A540A61-DA67-417A-898D-9032CCDF6EC0}.Release|x64.Build.0 = Release|Any CPU
		{0A540A61-DA67-417A-898D-9032CCDF6EC0}.Release|x86.ActiveCfg = Release|Any CPU
		{0A540A61-DA67-417A-898D-9032CCDF6EC0}.Release|x86.Build.0 = Release|Any CPU
		{63FFDD47-A9C8-4594-853F-FA70DDD8C3DD}.Debug|Any CPU.ActiveCfg = Debug|Any CPU
		{63FFDD47-A9C8-4594-853F-FA70DDD8C3DD}.Debug|Any CPU.Build.0 = Debug|Any CPU
		{63FFDD47-A9C8-4594-853F-FA70DDD8C3DD}.Debug|x64.ActiveCfg = Debug|Any CPU
		{63FFDD47-A9C8-4594-853F-FA70DDD8C3DD}.Debug|x64.Build.0 = Debug|Any CPU
		{63FFDD47-A9C8-4594-853F-FA70DDD8C3DD}.Debug|x86.ActiveCfg = Debug|Any CPU
		{63FFDD47-A9C8-4594-853F-FA70DDD8C3DD}.Debug|x86.Build.0 = Debug|Any CPU
		{63FFDD47-A9C8-4594-853F-FA70DDD8C3DD}.Release|Any CPU.ActiveCfg = Release|Any CPU
		{63FFDD47-A9C8-4594-853F-FA70DDD8C3DD}.Release|Any CPU.Build.0 = Release|Any CPU
		{63FFDD47-A9C8-4594-853F-FA70DDD8C3DD}.Release|x64.ActiveCfg = Release|Any CPU
		{63FFDD47-A9C8-4594-853F-FA70DDD8C3DD}.Release|x64.Build.0 = Release|Any CPU
		{63FFDD47-A9C8-4594-853F-FA70DDD8C3DD}.Release|x86.ActiveCfg = Release|Any CPU
		{63FFDD47-A9C8-4594-853F-FA70DDD8C3DD}.Release|x86.Build.0 = Release|Any CPU
		{B61D8149-96EF-4EFD-91BD-3064A31CDBE4}.Debug|Any CPU.ActiveCfg = Debug|Any CPU
		{B61D8149-96EF-4EFD-91BD-3064A31CDBE4}.Debug|Any CPU.Build.0 = Debug|Any CPU
		{B61D8149-96EF-4EFD-91BD-3064A31CDBE4}.Debug|x64.ActiveCfg = Debug|Any CPU
		{B61D8149-96EF-4EFD-91BD-3064A31CDBE4}.Debug|x64.Build.0 = Debug|Any CPU
		{B61D8149-96EF-4EFD-91BD-3064A31CDBE4}.Debug|x86.ActiveCfg = Debug|Any CPU
		{B61D8149-96EF-4EFD-91BD-3064A31CDBE4}.Debug|x86.Build.0 = Debug|Any CPU
		{B61D8149-96EF-4EFD-91BD-3064A31CDBE4}.Release|Any CPU.ActiveCfg = Release|Any CPU
		{B61D8149-96EF-4EFD-91BD-3064A31CDBE4}.Release|Any CPU.Build.0 = Release|Any CPU
		{B61D8149-96EF-4EFD-91BD-3064A31CDBE4}.Release|x64.ActiveCfg = Release|Any CPU
		{B61D8149-96EF-4EFD-91BD-3064A31CDBE4}.Release|x64.Build.0 = Release|Any CPU
		{B61D8149-96EF-4EFD-91BD-3064A31CDBE4}.Release|x86.ActiveCfg = Release|Any CPU
		{B61D8149-96EF-4EFD-91BD-3064A31CDBE4}.Release|x86.Build.0 = Release|Any CPU
		{CE332A38-7937-4441-9EFD-650ED8F24224}.Debug|Any CPU.ActiveCfg = Debug|Any CPU
		{CE332A38-7937-4441-9EFD-650ED8F24224}.Debug|Any CPU.Build.0 = Debug|Any CPU
		{CE332A38-7937-4441-9EFD-650ED8F24224}.Debug|x64.ActiveCfg = Debug|Any CPU
		{CE332A38-7937-4441-9EFD-650ED8F24224}.Debug|x64.Build.0 = Debug|Any CPU
		{CE332A38-7937-4441-9EFD-650ED8F24224}.Debug|x86.ActiveCfg = Debug|Any CPU
		{CE332A38-7937-4441-9EFD-650ED8F24224}.Debug|x86.Build.0 = Debug|Any CPU
		{CE332A38-7937-4441-9EFD-650ED8F24224}.Release|Any CPU.ActiveCfg = Release|Any CPU
		{CE332A38-7937-4441-9EFD-650ED8F24224}.Release|Any CPU.Build.0 = Release|Any CPU
		{CE332A38-7937-4441-9EFD-650ED8F24224}.Release|x64.ActiveCfg = Release|Any CPU
		{CE332A38-7937-4441-9EFD-650ED8F24224}.Release|x64.Build.0 = Release|Any CPU
		{CE332A38-7937-4441-9EFD-650ED8F24224}.Release|x86.ActiveCfg = Release|Any CPU
		{CE332A38-7937-4441-9EFD-650ED8F24224}.Release|x86.Build.0 = Release|Any CPU
		{8A4E795C-91E9-4F58-9F8D-7E7CA8EBEA98}.Debug|Any CPU.ActiveCfg = Debug|Any CPU
		{8A4E795C-91E9-4F58-9F8D-7E7CA8EBEA98}.Debug|Any CPU.Build.0 = Debug|Any CPU
		{8A4E795C-91E9-4F58-9F8D-7E7CA8EBEA98}.Debug|x64.ActiveCfg = Debug|Any CPU
		{8A4E795C-91E9-4F58-9F8D-7E7CA8EBEA98}.Debug|x64.Build.0 = Debug|Any CPU
		{8A4E795C-91E9-4F58-9F8D-7E7CA8EBEA98}.Debug|x86.ActiveCfg = Debug|Any CPU
		{8A4E795C-91E9-4F58-9F8D-7E7CA8EBEA98}.Debug|x86.Build.0 = Debug|Any CPU
		{8A4E795C-91E9-4F58-9F8D-7E7CA8EBEA98}.Release|Any CPU.ActiveCfg = Release|Any CPU
		{8A4E795C-91E9-4F58-9F8D-7E7CA8EBEA98}.Release|Any CPU.Build.0 = Release|Any CPU
		{8A4E795C-91E9-4F58-9F8D-7E7CA8EBEA98}.Release|x64.ActiveCfg = Release|Any CPU
		{8A4E795C-91E9-4F58-9F8D-7E7CA8EBEA98}.Release|x64.Build.0 = Release|Any CPU
		{8A4E795C-91E9-4F58-9F8D-7E7CA8EBEA98}.Release|x86.ActiveCfg = Release|Any CPU
		{8A4E795C-91E9-4F58-9F8D-7E7CA8EBEA98}.Release|x86.Build.0 = Release|Any CPU
		{F3874072-CE41-4154-91A1-6B1E7A0DF57E}.Debug|Any CPU.ActiveCfg = Debug|Any CPU
		{F3874072-CE41-4154-91A1-6B1E7A0DF57E}.Debug|Any CPU.Build.0 = Debug|Any CPU
		{F3874072-CE41-4154-91A1-6B1E7A0DF57E}.Debug|x64.ActiveCfg = Debug|Any CPU
		{F3874072-CE41-4154-91A1-6B1E7A0DF57E}.Debug|x64.Build.0 = Debug|Any CPU
		{F3874072-CE41-4154-91A1-6B1E7A0DF57E}.Debug|x86.ActiveCfg = Debug|Any CPU
		{F3874072-CE41-4154-91A1-6B1E7A0DF57E}.Debug|x86.Build.0 = Debug|Any CPU
		{F3874072-CE41-4154-91A1-6B1E7A0DF57E}.Release|Any CPU.ActiveCfg = Release|Any CPU
		{F3874072-CE41-4154-91A1-6B1E7A0DF57E}.Release|Any CPU.Build.0 = Release|Any CPU
		{F3874072-CE41-4154-91A1-6B1E7A0DF57E}.Release|x64.ActiveCfg = Release|Any CPU
		{F3874072-CE41-4154-91A1-6B1E7A0DF57E}.Release|x64.Build.0 = Release|Any CPU
		{F3874072-CE41-4154-91A1-6B1E7A0DF57E}.Release|x86.ActiveCfg = Release|Any CPU
		{F3874072-CE41-4154-91A1-6B1E7A0DF57E}.Release|x86.Build.0 = Release|Any CPU
		{E9FB7BA1-7831-4913-98D4-8C6113D205A8}.Debug|Any CPU.ActiveCfg = Debug|Any CPU
		{E9FB7BA1-7831-4913-98D4-8C6113D205A8}.Debug|Any CPU.Build.0 = Debug|Any CPU
		{E9FB7BA1-7831-4913-98D4-8C6113D205A8}.Debug|x64.ActiveCfg = Debug|Any CPU
		{E9FB7BA1-7831-4913-98D4-8C6113D205A8}.Debug|x64.Build.0 = Debug|Any CPU
		{E9FB7BA1-7831-4913-98D4-8C6113D205A8}.Debug|x86.ActiveCfg = Debug|Any CPU
		{E9FB7BA1-7831-4913-98D4-8C6113D205A8}.Debug|x86.Build.0 = Debug|Any CPU
		{E9FB7BA1-7831-4913-98D4-8C6113D205A8}.Release|Any CPU.ActiveCfg = Release|Any CPU
		{E9FB7BA1-7831-4913-98D4-8C6113D205A8}.Release|Any CPU.Build.0 = Release|Any CPU
		{E9FB7BA1-7831-4913-98D4-8C6113D205A8}.Release|x64.ActiveCfg = Release|Any CPU
		{E9FB7BA1-7831-4913-98D4-8C6113D205A8}.Release|x64.Build.0 = Release|Any CPU
		{E9FB7BA1-7831-4913-98D4-8C6113D205A8}.Release|x86.ActiveCfg = Release|Any CPU
		{E9FB7BA1-7831-4913-98D4-8C6113D205A8}.Release|x86.Build.0 = Release|Any CPU
		{7E85C356-008C-447D-BE1B-6D39F138785F}.Debug|Any CPU.ActiveCfg = Debug|Any CPU
		{7E85C356-008C-447D-BE1B-6D39F138785F}.Debug|Any CPU.Build.0 = Debug|Any CPU
		{7E85C356-008C-447D-BE1B-6D39F138785F}.Debug|x64.ActiveCfg = Debug|Any CPU
		{7E85C356-008C-447D-BE1B-6D39F138785F}.Debug|x64.Build.0 = Debug|Any CPU
		{7E85C356-008C-447D-BE1B-6D39F138785F}.Debug|x86.ActiveCfg = Debug|Any CPU
		{7E85C356-008C-447D-BE1B-6D39F138785F}.Debug|x86.Build.0 = Debug|Any CPU
		{7E85C356-008C-447D-BE1B-6D39F138785F}.Release|Any CPU.ActiveCfg = Release|Any CPU
		{7E85C356-008C-447D-BE1B-6D39F138785F}.Release|Any CPU.Build.0 = Release|Any CPU
		{7E85C356-008C-447D-BE1B-6D39F138785F}.Release|x64.ActiveCfg = Release|Any CPU
		{7E85C356-008C-447D-BE1B-6D39F138785F}.Release|x64.Build.0 = Release|Any CPU
		{7E85C356-008C-447D-BE1B-6D39F138785F}.Release|x86.ActiveCfg = Release|Any CPU
		{7E85C356-008C-447D-BE1B-6D39F138785F}.Release|x86.Build.0 = Release|Any CPU
		{FDEE93A2-5267-46B1-9CCC-AE50D818156E}.Debug|Any CPU.ActiveCfg = Debug|Any CPU
		{FDEE93A2-5267-46B1-9CCC-AE50D818156E}.Debug|Any CPU.Build.0 = Debug|Any CPU
		{FDEE93A2-5267-46B1-9CCC-AE50D818156E}.Debug|x64.ActiveCfg = Debug|Any CPU
		{FDEE93A2-5267-46B1-9CCC-AE50D818156E}.Debug|x64.Build.0 = Debug|Any CPU
		{FDEE93A2-5267-46B1-9CCC-AE50D818156E}.Debug|x86.ActiveCfg = Debug|Any CPU
		{FDEE93A2-5267-46B1-9CCC-AE50D818156E}.Debug|x86.Build.0 = Debug|Any CPU
		{FDEE93A2-5267-46B1-9CCC-AE50D818156E}.Release|Any CPU.ActiveCfg = Release|Any CPU
		{FDEE93A2-5267-46B1-9CCC-AE50D818156E}.Release|Any CPU.Build.0 = Release|Any CPU
		{FDEE93A2-5267-46B1-9CCC-AE50D818156E}.Release|x64.ActiveCfg = Release|Any CPU
		{FDEE93A2-5267-46B1-9CCC-AE50D818156E}.Release|x64.Build.0 = Release|Any CPU
		{FDEE93A2-5267-46B1-9CCC-AE50D818156E}.Release|x86.ActiveCfg = Release|Any CPU
		{FDEE93A2-5267-46B1-9CCC-AE50D818156E}.Release|x86.Build.0 = Release|Any CPU
		{7BF8C7D9-5099-44AD-8794-86347A74FBE9}.Debug|Any CPU.ActiveCfg = Debug|Any CPU
		{7BF8C7D9-5099-44AD-8794-86347A74FBE9}.Debug|Any CPU.Build.0 = Debug|Any CPU
		{7BF8C7D9-5099-44AD-8794-86347A74FBE9}.Debug|x64.ActiveCfg = Debug|Any CPU
		{7BF8C7D9-5099-44AD-8794-86347A74FBE9}.Debug|x64.Build.0 = Debug|Any CPU
		{7BF8C7D9-5099-44AD-8794-86347A74FBE9}.Debug|x86.ActiveCfg = Debug|Any CPU
		{7BF8C7D9-5099-44AD-8794-86347A74FBE9}.Debug|x86.Build.0 = Debug|Any CPU
		{7BF8C7D9-5099-44AD-8794-86347A74FBE9}.Release|Any CPU.ActiveCfg = Release|Any CPU
		{7BF8C7D9-5099-44AD-8794-86347A74FBE9}.Release|Any CPU.Build.0 = Release|Any CPU
		{7BF8C7D9-5099-44AD-8794-86347A74FBE9}.Release|x64.ActiveCfg = Release|Any CPU
		{7BF8C7D9-5099-44AD-8794-86347A74FBE9}.Release|x64.Build.0 = Release|Any CPU
		{7BF8C7D9-5099-44AD-8794-86347A74FBE9}.Release|x86.ActiveCfg = Release|Any CPU
		{7BF8C7D9-5099-44AD-8794-86347A74FBE9}.Release|x86.Build.0 = Release|Any CPU
		{6850D85A-E802-4084-8118-C22C45B87E52}.Debug|Any CPU.ActiveCfg = Debug|Any CPU
		{6850D85A-E802-4084-8118-C22C45B87E52}.Debug|Any CPU.Build.0 = Debug|Any CPU
		{6850D85A-E802-4084-8118-C22C45B87E52}.Debug|x64.ActiveCfg = Debug|Any CPU
		{6850D85A-E802-4084-8118-C22C45B87E52}.Debug|x64.Build.0 = Debug|Any CPU
		{6850D85A-E802-4084-8118-C22C45B87E52}.Debug|x86.ActiveCfg = Debug|Any CPU
		{6850D85A-E802-4084-8118-C22C45B87E52}.Debug|x86.Build.0 = Debug|Any CPU
		{6850D85A-E802-4084-8118-C22C45B87E52}.Release|Any CPU.ActiveCfg = Release|Any CPU
		{6850D85A-E802-4084-8118-C22C45B87E52}.Release|Any CPU.Build.0 = Release|Any CPU
		{6850D85A-E802-4084-8118-C22C45B87E52}.Release|x64.ActiveCfg = Release|Any CPU
		{6850D85A-E802-4084-8118-C22C45B87E52}.Release|x64.Build.0 = Release|Any CPU
		{6850D85A-E802-4084-8118-C22C45B87E52}.Release|x86.ActiveCfg = Release|Any CPU
		{6850D85A-E802-4084-8118-C22C45B87E52}.Release|x86.Build.0 = Release|Any CPU
		{8169F8B8-1BDE-4FC4-A2D6-B6D979AC3CE3}.Debug|Any CPU.ActiveCfg = Debug|Any CPU
		{8169F8B8-1BDE-4FC4-A2D6-B6D979AC3CE3}.Debug|Any CPU.Build.0 = Debug|Any CPU
		{8169F8B8-1BDE-4FC4-A2D6-B6D979AC3CE3}.Debug|x64.ActiveCfg = Debug|Any CPU
		{8169F8B8-1BDE-4FC4-A2D6-B6D979AC3CE3}.Debug|x64.Build.0 = Debug|Any CPU
		{8169F8B8-1BDE-4FC4-A2D6-B6D979AC3CE3}.Debug|x86.ActiveCfg = Debug|Any CPU
		{8169F8B8-1BDE-4FC4-A2D6-B6D979AC3CE3}.Debug|x86.Build.0 = Debug|Any CPU
		{8169F8B8-1BDE-4FC4-A2D6-B6D979AC3CE3}.Release|Any CPU.ActiveCfg = Release|Any CPU
		{8169F8B8-1BDE-4FC4-A2D6-B6D979AC3CE3}.Release|Any CPU.Build.0 = Release|Any CPU
		{8169F8B8-1BDE-4FC4-A2D6-B6D979AC3CE3}.Release|x64.ActiveCfg = Release|Any CPU
		{8169F8B8-1BDE-4FC4-A2D6-B6D979AC3CE3}.Release|x64.Build.0 = Release|Any CPU
		{8169F8B8-1BDE-4FC4-A2D6-B6D979AC3CE3}.Release|x86.ActiveCfg = Release|Any CPU
		{8169F8B8-1BDE-4FC4-A2D6-B6D979AC3CE3}.Release|x86.Build.0 = Release|Any CPU
	EndGlobalSection
	GlobalSection(SolutionProperties) = preSolution
		HideSolutionNode = FALSE
	EndGlobalSection
	GlobalSection(NestedProjects) = preSolution
		{0A540A61-DA67-417A-898D-9032CCDF6EC0} = {0385B2DB-0FE0-483B-B879-E191E8825CCC}
		{63FFDD47-A9C8-4594-853F-FA70DDD8C3DD} = {0385B2DB-0FE0-483B-B879-E191E8825CCC}
		{B61D8149-96EF-4EFD-91BD-3064A31CDBE4} = {0385B2DB-0FE0-483B-B879-E191E8825CCC}
		{CE332A38-7937-4441-9EFD-650ED8F24224} = {0385B2DB-0FE0-483B-B879-E191E8825CCC}
		{8A4E795C-91E9-4F58-9F8D-7E7CA8EBEA98} = {0385B2DB-0FE0-483B-B879-E191E8825CCC}
		{F3874072-CE41-4154-91A1-6B1E7A0DF57E} = {0385B2DB-0FE0-483B-B879-E191E8825CCC}
		{E9FB7BA1-7831-4913-98D4-8C6113D205A8} = {0385B2DB-0FE0-483B-B879-E191E8825CCC}
		{7E85C356-008C-447D-BE1B-6D39F138785F} = {0385B2DB-0FE0-483B-B879-E191E8825CCC}
		{FDEE93A2-5267-46B1-9CCC-AE50D818156E} = {0385B2DB-0FE0-483B-B879-E191E8825CCC}
		{7BF8C7D9-5099-44AD-8794-86347A74FBE9} = {0385B2DB-0FE0-483B-B879-E191E8825CCC}
		{6850D85A-E802-4084-8118-C22C45B87E52} = {0385B2DB-0FE0-483B-B879-E191E8825CCC}
		{8169F8B8-1BDE-4FC4-A2D6-B6D979AC3CE3} = {0385B2DB-0FE0-483B-B879-E191E8825CCC}
	EndGlobalSection
	GlobalSection(ExtensibilityGlobals) = postSolution
		SolutionGuid = {37F8107B-4442-4AA4-B5AA-ADBA022324E8}
	EndGlobalSection
EndGlobal
